
Microsoft Visual Studio Solution File, Format Version 12.00
# Visual Studio 15
VisualStudioVersion = 15.0.26124.0
MinimumVisualStudioVersion = 15.0.26124.0
Project("{FAE04EC0-301F-11D3-BF4B-00C04F79EFBC}") = "Foosball.Domain", "Foosball.Domain\Foosball.Domain.csproj", "{28EEC4FA-7ECC-4811-984A-9EF3F70A1D11}"
EndProject
Project("{FAE04EC0-301F-11D3-BF4B-00C04F79EFBC}") = "Foosball.Tests", "Foosball.Tests\Foosball.Tests.csproj", "{4CEAFE0B-125D-4FD3-8293-D114AC3A3A11}"
EndProject
Project("{FAE04EC0-301F-11D3-BF4B-00C04F79EFBC}") = "Foosball.Projections", "Foosball.Projections\Foosball.Projections.csproj", "{315B55D5-6FED-4F71-8C0A-887D1300AE4B}"
EndProject
Global
	GlobalSection(SolutionConfigurationPlatforms) = preSolution
		Debug|Any CPU = Debug|Any CPU
		Debug|x64 = Debug|x64
		Debug|x86 = Debug|x86
		Release|Any CPU = Release|Any CPU
		Release|x64 = Release|x64
		Release|x86 = Release|x86
	EndGlobalSection
	GlobalSection(SolutionProperties) = preSolution
		HideSolutionNode = FALSE
	EndGlobalSection
	GlobalSection(ProjectConfigurationPlatforms) = postSolution
		{28EEC4FA-7ECC-4811-984A-9EF3F70A1D11}.Debug|Any CPU.ActiveCfg = Debug|Any CPU
		{28EEC4FA-7ECC-4811-984A-9EF3F70A1D11}.Debug|Any CPU.Build.0 = Debug|Any CPU
		{28EEC4FA-7ECC-4811-984A-9EF3F70A1D11}.Debug|x64.ActiveCfg = Debug|Any CPU
		{28EEC4FA-7ECC-4811-984A-9EF3F70A1D11}.Debug|x64.Build.0 = Debug|Any CPU
		{28EEC4FA-7ECC-4811-984A-9EF3F70A1D11}.Debug|x86.ActiveCfg = Debug|Any CPU
		{28EEC4FA-7ECC-4811-984A-9EF3F70A1D11}.Debug|x86.Build.0 = Debug|Any CPU
		{28EEC4FA-7ECC-4811-984A-9EF3F70A1D11}.Release|Any CPU.ActiveCfg = Release|Any CPU
		{28EEC4FA-7ECC-4811-984A-9EF3F70A1D11}.Release|Any CPU.Build.0 = Release|Any CPU
		{28EEC4FA-7ECC-4811-984A-9EF3F70A1D11}.Release|x64.ActiveCfg = Release|Any CPU
		{28EEC4FA-7ECC-4811-984A-9EF3F70A1D11}.Release|x64.Build.0 = Release|Any CPU
		{28EEC4FA-7ECC-4811-984A-9EF3F70A1D11}.Release|x86.ActiveCfg = Release|Any CPU
		{28EEC4FA-7ECC-4811-984A-9EF3F70A1D11}.Release|x86.Build.0 = Release|Any CPU
		{4CEAFE0B-125D-4FD3-8293-D114AC3A3A11}.Debug|Any CPU.ActiveCfg = Debug|Any CPU
		{4CEAFE0B-125D-4FD3-8293-D114AC3A3A11}.Debug|Any CPU.Build.0 = Debug|Any CPU
		{4CEAFE0B-125D-4FD3-8293-D114AC3A3A11}.Debug|x64.ActiveCfg = Debug|Any CPU
		{4CEAFE0B-125D-4FD3-8293-D114AC3A3A11}.Debug|x64.Build.0 = Debug|Any CPU
		{4CEAFE0B-125D-4FD3-8293-D114AC3A3A11}.Debug|x86.ActiveCfg = Debug|Any CPU
		{4CEAFE0B-125D-4FD3-8293-D114AC3A3A11}.Debug|x86.Build.0 = Debug|Any CPU
		{4CEAFE0B-125D-4FD3-8293-D114AC3A3A11}.Release|Any CPU.ActiveCfg = Release|Any CPU
		{4CEAFE0B-125D-4FD3-8293-D114AC3A3A11}.Release|Any CPU.Build.0 = Release|Any CPU
		{4CEAFE0B-125D-4FD3-8293-D114AC3A3A11}.Release|x64.ActiveCfg = Release|Any CPU
		{4CEAFE0B-125D-4FD3-8293-D114AC3A3A11}.Release|x64.Build.0 = Release|Any CPU
		{4CEAFE0B-125D-4FD3-8293-D114AC3A3A11}.Release|x86.ActiveCfg = Release|Any CPU
		{4CEAFE0B-125D-4FD3-8293-D114AC3A3A11}.Release|x86.Build.0 = Release|Any CPU
		{315B55D5-6FED-4F71-8C0A-887D1300AE4B}.Debug|Any CPU.ActiveCfg = Debug|Any CPU
		{315B55D5-6FED-4F71-8C0A-887D1300AE4B}.Debug|Any CPU.Build.0 = Debug|Any CPU
		{315B55D5-6FED-4F71-8C0A-887D1300AE4B}.Debug|x64.ActiveCfg = Debug|Any CPU
		{315B55D5-6FED-4F71-8C0A-887D1300AE4B}.Debug|x64.Build.0 = Debug|Any CPU
		{315B55D5-6FED-4F71-8C0A-887D1300AE4B}.Debug|x86.ActiveCfg = Debug|Any CPU
		{315B55D5-6FED-4F71-8C0A-887D1300AE4B}.Debug|x86.Build.0 = Debug|Any CPU
		{315B55D5-6FED-4F71-8C0A-887D1300AE4B}.Release|Any CPU.ActiveCfg = Release|Any CPU
		{315B55D5-6FED-4F71-8C0A-887D1300AE4B}.Release|Any CPU.Build.0 = Release|Any CPU
		{315B55D5-6FED-4F71-8C0A-887D1300AE4B}.Release|x64.ActiveCfg = Release|Any CPU
		{315B55D5-6FED-4F71-8C0A-887D1300AE4B}.Release|x64.Build.0 = Release|Any CPU
		{315B55D5-6FED-4F71-8C0A-887D1300AE4B}.Release|x86.ActiveCfg = Release|Any CPU
		{315B55D5-6FED-4F71-8C0A-887D1300AE4B}.Release|x86.Build.0 = Release|Any CPU
	EndGlobalSection
EndGlobal
